{
  "name": "SwachhSetu",
  "lockfileVersion": 3,
  "requires": true,
  "packages": {
    "": {
      "devDependencies": {
        "baseline-browser-mapping": "^2.9.5"
      }
    },
    "node_modules/baseline-browser-mapping": {
      "version": "2.9.5",
      "resolved": "https://registry.npmjs.org/baseline-browser-mapping/-/baseline-browser-mapping-2.9.5.tgz",
      "integrity": "sha512-D5vIoztZOq1XM54LUdttJVc96ggEsIfju2JBvht06pSzpckp3C7HReun67Bghzrtdsq9XdMGbSSB3v3GhMNmAA==",
      "dev": true,
      "license": "Apache-2.0",
      "bin": {
        "baseline-browser-mapping": "dist/cli.js"
      }
    }
  }
}
